#MicroXplorer Configuration settings - do not modify
Mcu.Family=STM32F4
SH.GPXTI1.0=GPIO_EXTI1
ProjectManager.MainLocation=Core/Src
VP_STMicroelectronics.X-CUBE-AI_VS_ArtificialOoIntelligenceJjXAaCUBEAaAI_6.0.0.Mode=ArtificialOoIntelligenceJjXAaCUBEAaAI
PH0-OSC_IN.Locked=true
PD12.GPIO_Label=LD4 [Green Led]
PA6.Mode=Full_Duplex_Master
PH0-OSC_IN.Signal=RCC_OSC_IN
USART2.IPParameters=VirtualMode
RCC.CortexFreq_Value=168000000
STMicroelectronics.X-CUBE-AI.6.0.0.MaximumSizeOfInputLayer=AI_NETWORK_IN_1_SIZE_BYTES
Dma.USART2_TX.0.PeriphDataAlignment=DMA_PDATAALIGN_BYTE
ProjectManager.KeepUserCode=true
Mcu.UserName=STM32F407VGTx
SPI1.VirtualType=VM_MASTER
PD15.GPIO_Speed=GPIO_SPEED_FREQ_LOW
RCC.PLLCLKFreq_Value=168000000
PA14.GPIO_Label=SWCLK
RCC.PLLQCLKFreq_Value=48000000
STMicroelectronics.X-CUBE-AI.6.0.0.ModelMacc-130b04ba2d420755cb71b79059603c011c966bd5731be15100ae6a8b22d1bbc8=2448
PA7.GPIO_Mode=GPIO_MODE_AF_PP
ProjectManager.functionlistsort=1-MX_GPIO_Init-GPIO-false-HAL-true,2-MX_DMA_Init-DMA-false-HAL-true,3-SystemClock_Config-RCC-false-HAL-false,4-MX_CRC_Init-CRC-false-HAL-true,5-MX_SPI1_Init-SPI1-false-HAL-true,6-MX_USART2_UART_Init-USART2-false-HAL-true
RCC.RTCFreq_Value=32000
PH0-OSC_IN.GPIOParameters=GPIO_Label
PA6.GPIO_Label=SPI1_MISO [LIS302DL_SDO]
STMicroelectronics.X-CUBE-AI.6.0.0.StackSize=0x2000
PinOutPanel.RotationAngle=0
Dma.USART2_TX.0.FIFOMode=DMA_FIFOMODE_DISABLE
RCC.SYSCLKSource=RCC_SYSCLKSOURCE_PLLCLK
ProjectManager.StackSize=0x2000
PA6.GPIO_Mode=GPIO_MODE_AF_PP
Dma.USART2_TX.0.RequestParameters=Instance,Direction,PeriphInc,MemInc,PeriphDataAlignment,MemDataAlignment,Mode,Priority,FIFOMode
PD13.Signal=GPIO_Output
Mcu.IP4=SPI1
RCC.FCLKCortexFreq_Value=168000000
Mcu.IP5=SYS
PD13.Locked=true
Mcu.IP2=NVIC
NVIC.SVCall_IRQn=true\:0\:0\:false\:false\:true\:true\:false
Mcu.IP3=RCC
PD14.GPIO_Speed=GPIO_SPEED_FREQ_LOW
Mcu.IP0=CRC
Mcu.IP1=DMA
Dma.USART2_TX.0.Priority=DMA_PRIORITY_LOW
NVIC.EXTI1_IRQn=true\:0\:0\:false\:false\:true\:true\:true
Mcu.UserConstants=
PD15.GPIOParameters=GPIO_Speed,GPIO_PuPd,GPIO_Label
Mcu.ThirdPartyNb=1
SPI1.Direction=SPI_DIRECTION_2LINES
STMicroelectronics.X-CUBE-AI.6.0.0_SwParameter=XAaCUBEAaAICcArtificialOoIntelligenceJjCore\:true;
RCC.HCLKFreq_Value=168000000
Mcu.IPNb=7
RCC.I2SClocksFreq_Value=96000000
ProjectManager.PreviousToolchain=
RCC.APB2TimFreq_Value=168000000
STMicroelectronics.X-CUBE-AI.6.0.0.ModelType-130b04ba2d420755cb71b79059603c011c966bd5731be15100ae6a8b22d1bbc8=Saved model
RCC.VcooutputI2S=96000000
SPI1.CalculateBaudRate=10.5 MBits/s
Mcu.Pin6=PA6
Mcu.Pin7=PA7
Mcu.Pin8=PB2
STMicroelectronics.X-CUBE-AI.6.0.0.ModelStructureFile-130b04ba2d420755cb71b79059603c011c966bd5731be15100ae6a8b22d1bbc8=C\:\\Users\\u\\PycharmProjects\\acc_neuron\\model.h5
Mcu.Pin9=PD12
PE1.Signal=GPXTI1
RCC.AHBFreq_Value=168000000
PH0-OSC_IN.Mode=HSE-External-Oscillator
PH0-OSC_IN.GPIO_Label=PH0-OSC_IN
Mcu.Pin0=PE3
Mcu.Pin1=PH0-OSC_IN
GPIO.groupedBy=Group By Peripherals
Mcu.Pin2=PH1-OSC_OUT
Mcu.Pin3=PA2
Mcu.Pin4=PA3
Mcu.Pin5=PA5
ProjectManager.ProjectBuild=false
RCC.HSE_VALUE=8000000
NVIC.UsageFault_IRQn=true\:0\:0\:false\:false\:true\:true\:false
NVIC.DebugMonitor_IRQn=true\:0\:0\:false\:false\:true\:true\:false
PB2.Signal=GPIO_Input
NVIC.SysTick_IRQn=true\:0\:0\:false\:false\:true\:true\:true
ProjectManager.FirmwarePackage=STM32Cube FW_F4 V1.26.1
MxDb.Version=DB.6.0.21
Mcu.ThirdParty0=STMicroelectronics.X-CUBE-AI.6.0.0
PA6.GPIO_PuPd=GPIO_NOPULL
PE0.GPIOParameters=GPIO_Label
ProjectManager.BackupPrevious=false
RCC.VCOInputFreq_Value=1000000
PA14.Mode=Serial_Wire
STMicroelectronics.X-CUBE-AI.6.0.0.XAaCUBEAaAICcArtificialOoIntelligenceJjCore=true
PA5.GPIO_PuPd=GPIO_NOPULL
File.Version=6
PE3.GPIOParameters=GPIO_Speed,GPIO_PuPd,GPIO_Label
PH1-OSC_OUT.Locked=true
PB3.GPIOParameters=GPIO_Label
PE3.Locked=true
PD14.GPIO_PuPd=GPIO_NOPULL
Dma.USART2_TX.0.MemDataAlignment=DMA_MDATAALIGN_BYTE
PE1.Locked=true
NVIC.PendSV_IRQn=true\:0\:0\:false\:false\:true\:true\:false
Dma.USART2_TX.0.Direction=DMA_MEMORY_TO_PERIPH
Dma.RequestsNb=1
Dma.USART2_TX.0.Instance=DMA1_Stream6
ProjectManager.HalAssertFull=false
PB2.GPIO_PuPd=GPIO_NOPULL
ProjectManager.ProjectName=F4_neuron
PA13.GPIOParameters=GPIO_Label
PH1-OSC_OUT.Mode=HSE-External-Oscillator
RCC.MCO2PinFreq_Value=168000000
PD13.GPIO_Label=LD3 [Orange Led]
Mcu.Package=LQFP100
PA6.Signal=SPI1_MISO
PA5.Locked=true
PA7.Locked=true
USART2.VirtualMode=VM_ASYNC
PD12.Signal=GPIO_Output
PA14.Locked=true
ProjectManager.ToolChainLocation=
PD15.GPIO_PuPd=GPIO_NOPULL
PD14.Locked=true
RCC.LSI_VALUE=32000
SH.GPXTI0.0=GPIO_EXTI0
VP_SYS_VS_Systick.Signal=SYS_VS_Systick
PA5.GPIOParameters=GPIO_Speed,GPIO_PuPd,GPIO_Label,GPIO_Mode
PE0.GPIO_Label=MEMS_INT1
STMicroelectronics.X-CUBE-AI.6.0.0.LatestDirectoryUsed-130b04ba2d420755cb71b79059603c011c966bd5731be15100ae6a8b22d1bbc8=C\:\\Users\\u\\PycharmProjects\\acc_neuron
STMicroelectronics.X-CUBE-AI.6.0.0.ModelCompression-130b04ba2d420755cb71b79059603c011c966bd5731be15100ae6a8b22d1bbc8=1
Dma.USART2_TX.0.Mode=DMA_NORMAL
RCC.APB2CLKDivider=RCC_HCLK_DIV2
RCC.APB1TimFreq_Value=84000000
NVIC.BusFault_IRQn=true\:0\:0\:false\:false\:true\:true\:false
PA6.GPIO_Speed=GPIO_SPEED_FREQ_LOW
NVIC.DMA1_Stream6_IRQn=true\:0\:0\:false\:false\:true\:false\:true
Dma.Request0=USART2_TX
SPI1.BaudRatePrescaler=SPI_BAUDRATEPRESCALER_8
PD15.Signal=GPIO_Output
ProjectManager.CustomerFirmwarePackage=
STMicroelectronics.X-CUBE-AI.6.0.0.ModelKind-130b04ba2d420755cb71b79059603c011c966bd5731be15100ae6a8b22d1bbc8=KERAS
PB3.Locked=true
PA3.Signal=USART2_RX
PA5.Mode=Full_Duplex_Master
PB3.GPIO_Label=SWO
VP_STMicroelectronics.X-CUBE-AI_VS_ArtificialOoIntelligenceJjXAaCUBEAaAI_6.0.0.Signal=STMicroelectronics.X-CUBE-AI_VS_ArtificialOoIntelligenceJjXAaCUBEAaAI_6.0.0
PA6.GPIOParameters=GPIO_Speed,GPIO_PuPd,GPIO_Label,GPIO_Mode
RCC.PLLSourceVirtual=RCC_PLLSOURCE_HSE
ProjectManager.ProjectFileName=F4_neuron.ioc
PD12.GPIO_Speed=GPIO_SPEED_FREQ_LOW
PD15.GPIO_Label=LD6 [Blue Led]
PA7.Mode=Full_Duplex_Master
Dma.USART2_TX.0.MemInc=DMA_MINC_ENABLE
Mcu.PinsNb=21
STMicroelectronics.X-CUBE-AI.6.0.0.ModelActualCompression-130b04ba2d420755cb71b79059603c011c966bd5731be15100ae6a8b22d1bbc8=0.0
ProjectManager.NoMain=false
SPI1.IPParameters=VirtualType,Mode,Direction,CalculateBaudRate,BaudRatePrescaler
STMicroelectronics.X-CUBE-AI.6.0.0.MaximumSizeOfOutputLayer=AI_NETWORK_OUT_1_SIZE_BYTES
PD13.GPIOParameters=GPIO_Speed,GPIO_PuPd,GPIO_Label
SH.GPXTI0.ConfNb=1
ProjectManager.DefaultFWLocation=true
ProjectManager.DeletePrevious=true
RCC.APB1CLKDivider=RCC_HCLK_DIV4
boardIOC=true
RCC.FamilyName=M
PD12.Locked=true
PA3.Mode=Asynchronous
PA13.Signal=SYS_JTMS-SWDIO
STMicroelectronics.X-CUBE-AI.6.0.0.ModelRamOccupation-130b04ba2d420755cb71b79059603c011c966bd5731be15100ae6a8b22d1bbc8=644
STMicroelectronics.X-CUBE-AI.6.0.0.ModelHashList=130b04ba2d420755cb71b79059603c011c966bd5731be15100ae6a8b22d1bbc8
STMicroelectronics.X-CUBE-AI.6.0.0.IPParameters=HeapSize,StackSize,ModelName-130b04ba2d420755cb71b79059603c011c966bd5731be15100ae6a8b22d1bbc8,ModelType-130b04ba2d420755cb71b79059603c011c966bd5731be15100ae6a8b22d1bbc8,ModelKind-130b04ba2d420755cb71b79059603c011c966bd5731be15100ae6a8b22d1bbc8,ModelHashList,ModelNameList,WorkingBufferStartAddrList,LatestDirectoryUsed-130b04ba2d420755cb71b79059603c011c966bd5731be15100ae6a8b22d1bbc8,ModelStructureFile-130b04ba2d420755cb71b79059603c011c966bd5731be15100ae6a8b22d1bbc8,ModelMacc-130b04ba2d420755cb71b79059603c011c966bd5731be15100ae6a8b22d1bbc8,ModelActualCompression-130b04ba2d420755cb71b79059603c011c966bd5731be15100ae6a8b22d1bbc8,ModelFlashOccupation-130b04ba2d420755cb71b79059603c011c966bd5731be15100ae6a8b22d1bbc8,ModelRamOccupation-130b04ba2d420755cb71b79059603c011c966bd5731be15100ae6a8b22d1bbc8,ModelCompression-130b04ba2d420755cb71b79059603c011c966bd5731be15100ae6a8b22d1bbc8,InternalRamActivationBufferMaxSize,ActivationBufferSizeList,MaximumNumberOfInputLayer,MaximumNumberOfOutputLayer,MaximumSizeOfInputLayer,MaximumSizeOfOutputLayer,XAaCUBEAaAICcArtificialOoIntelligenceJjCore,ValidationInputFileHistory-130b04ba2d420755cb71b79059603c011c966bd5731be15100ae6a8b22d1bbc8,ValidationOutputFileHistory-130b04ba2d420755cb71b79059603c011c966bd5731be15100ae6a8b22d1bbc8
PD12.GPIOParameters=GPIO_Speed,GPIO_PuPd,GPIO_Label
ProjectManager.TargetToolchain=STM32CubeIDE
STMicroelectronics.X-CUBE-AI.6.0.0.InternalRamActivationBufferMaxSize=AI_NETWORK_DATA_ACTIVATIONS_SIZE
VP_CRC_VS_CRC.Signal=CRC_VS_CRC
PB2.GPIOParameters=GPIO_PuPd,GPIO_Label,GPIO_Mode
STMicroelectronics.X-CUBE-AI.6.0.0.WorkingBufferStartAddrList=0xFFFFFFFF
STMicroelectronics.X-CUBE-AI.6.0.0.ModelNameList=network
ProjectManager.RegisterCallBack=
PE0.Locked=true
STMicroelectronics.X-CUBE-AI.6.0.0.ValidationOutputFileHistory-130b04ba2d420755cb71b79059603c011c966bd5731be15100ae6a8b22d1bbc8=
STMicroelectronics.X-CUBE-AI.6.0.0.MaximumNumberOfOutputLayer=1
RCC.LSE_VALUE=32768
PA7.GPIO_PuPd=GPIO_NOPULL
RCC.VCOI2SOutputFreq_Value=192000000
PA5.Signal=SPI1_SCK
STMicroelectronics.X-CUBE-AI.6.0.0.ArtificialOoIntelligenceJjXAaCUBEAaAI_Checked=true
board=STM32F407G-DISC1
PD13.GPIO_Speed=GPIO_SPEED_FREQ_LOW
RCC.VCOOutputFreq_Value=336000000
PE1.GPIO_Label=MEMS_INT2
ProjectManager.LastFirmware=true
PA7.GPIO_Speed=GPIO_SPEED_FREQ_LOW
RCC.APB2Freq_Value=84000000
PB2.GPIO_Mode=GPIO_MODE_INPUT
MxCube.Version=6.2.1
SPI1.Mode=SPI_MODE_MASTER
RCC.INSTRUCTION_CACHE_ENABLE=1
VP_SYS_VS_Systick.Mode=SysTick
RCC.EthernetFreq_Value=168000000
PE3.GPIO_PuPd=GPIO_NOPULL
PH1-OSC_OUT.Signal=RCC_OSC_OUT
PD13.GPIO_PuPd=GPIO_NOPULL
NVIC.NonMaskableInt_IRQn=true\:0\:0\:false\:false\:true\:true\:false
PD14.GPIO_Label=LD5 [Red Led]
PH1-OSC_OUT.GPIO_Label=PH1-OSC_OUT
PA13.Mode=Serial_Wire
ProjectManager.FreePins=false
RCC.IPParameters=48MHZClocksFreq_Value,AHBFreq_Value,APB1CLKDivider,APB1Freq_Value,APB1TimFreq_Value,APB2CLKDivider,APB2Freq_Value,APB2TimFreq_Value,CortexFreq_Value,EthernetFreq_Value,FCLKCortexFreq_Value,FamilyName,HCLKFreq_Value,HSE_VALUE,HSI_VALUE,I2SClocksFreq_Value,INSTRUCTION_CACHE_ENABLE,LSE_VALUE,LSI_VALUE,MCO2PinFreq_Value,PLLCLKFreq_Value,PLLM,PLLN,PLLQ,PLLQCLKFreq_Value,PLLSourceVirtual,RTCFreq_Value,RTCHSEDivFreq_Value,SYSCLKFreq_VALUE,SYSCLKSource,VCOI2SOutputFreq_Value,VCOInputFreq_Value,VCOOutputFreq_Value,VcooutputI2S
ProjectManager.AskForMigrate=true
PE0.Signal=GPXTI0
Mcu.Name=STM32F407V(E-G)Tx
RCC.RTCHSEDivFreq_Value=4000000
PA2.Signal=USART2_TX
PA13.GPIO_Label=SWDIO
ProjectManager.UnderRoot=true
PB2.Locked=true
PD14.Signal=GPIO_Output
Mcu.IP6=USART2
ProjectManager.CoupleFile=true
RCC.48MHZClocksFreq_Value=48000000
PB3.Signal=SYS_JTDO-SWO
NVIC.EXTI0_IRQn=true\:0\:0\:false\:false\:true\:true\:true
PD14.GPIOParameters=GPIO_Speed,GPIO_PuPd,GPIO_Label
RCC.SYSCLKFreq_VALUE=168000000
PA7.GPIO_Label=SPI1_MOSI [LIS302DL_SDA/SDI/SDO]
Mcu.Pin20=VP_STMicroelectronics.X-CUBE-AI_VS_ArtificialOoIntelligenceJjXAaCUBEAaAI_6.0.0
Dma.USART2_TX.0.PeriphInc=DMA_PINC_DISABLE
PA5.GPIO_Label=SPI1_SCK [LIS302DL_SCL/SPC]
STMicroelectronics.X-CUBE-AI.6.0.0.ValidationInputFileHistory-130b04ba2d420755cb71b79059603c011c966bd5731be15100ae6a8b22d1bbc8=
NVIC.ForceEnableDMAVector=true
KeepUserPlacement=false
PE3.GPIO_Speed=GPIO_SPEED_FREQ_LOW
PA14.GPIOParameters=GPIO_Label
NVIC.MemoryManagement_IRQn=true\:0\:0\:false\:false\:true\:true\:false
PA13.Locked=true
PH1-OSC_OUT.GPIOParameters=GPIO_Label
ProjectManager.CompilerOptimize=6
PD15.Locked=true
PA14.Signal=SYS_JTCK-SWCLK
STMicroelectronics.X-CUBE-AI.6.0.0.MaximumNumberOfInputLayer=1
PB2.GPIO_Label=BOOT1
ProjectManager.HeapSize=0x200
Mcu.Pin15=PB3
NVIC.HardFault_IRQn=true\:0\:0\:false\:false\:true\:true\:false
Mcu.Pin16=PE0
Mcu.Pin13=PA13
STMicroelectronics.X-CUBE-AI.6.0.0.HeapSize=0x200
Mcu.Pin14=PA14
STMicroelectronics.X-CUBE-AI.6.0.0.ModelName-130b04ba2d420755cb71b79059603c011c966bd5731be15100ae6a8b22d1bbc8=network
Mcu.Pin19=VP_SYS_VS_Systick
ProjectManager.ComputerToolchain=false
Mcu.Pin17=PE1
RCC.HSI_VALUE=16000000
Mcu.Pin18=VP_CRC_VS_CRC
PA5.GPIO_Speed=GPIO_SPEED_FREQ_LOW
RCC.PLLQ=7
NVIC.PriorityGroup=NVIC_PRIORITYGROUP_0
Mcu.Pin11=PD14
Mcu.Pin12=PD15
RCC.PLLM=8
RCC.PLLN=336
Mcu.Pin10=PD13
PE3.Signal=GPIO_Output
PA2.Mode=Asynchronous
PE3.GPIO_Label=CS_I2C/SPI [LIS302DL_CS_I2C/SPI]
SH.GPXTI1.ConfNb=1
RCC.APB1Freq_Value=42000000
PA5.GPIO_Mode=GPIO_MODE_AF_PP
VP_CRC_VS_CRC.Mode=CRC_Activate
STMicroelectronics.X-CUBE-AI.6.0.0.ModelFlashOccupation-130b04ba2d420755cb71b79059603c011c966bd5731be15100ae6a8b22d1bbc8=820
PA7.GPIOParameters=GPIO_Speed,GPIO_PuPd,GPIO_Label,GPIO_Mode
STMicroelectronics.X-CUBE-AI.6.0.0.ActivationBufferSizeList=644
ProjectManager.DeviceId=STM32F407VGTx
ProjectManager.LibraryCopy=1
PD12.GPIO_PuPd=GPIO_NOPULL
PE1.GPIOParameters=GPIO_Label
PA7.Signal=SPI1_MOSI
PA6.Locked=true
isbadioc=false
